github.com/caravan/essentials v0.0.0-20210417065820-acebf27e96ec/go.mod h1:hhteaUNnHglavc/vjxe0LLZtCFQeFoHSwZGTmLz3DWo=
github.com/caravan/essentials v0.0.0-20210424124727-2f41c5a8abe4 h1:e2WBKW7C9vuEk17qJHmnZWh2e1R/TyP23ePSV3l44LI=
github.com/caravan/essentials v0.0.0-20210424124727-2f41c5a8abe4/go.mod h1:hhteaUNnHglavc/vjxe0LLZtCFQeFoHSwZGTmLz3DWo=
github.com/caravan/kombi v0.0.0-20210501062727-3c3db2fdc948 h1:es57sC6S8EB3ZT1M/TiSusU1ksn66t/gLH1kSuoXAL4=
github.com/caravan/kombi v0.0.0-20210501062727-3c3db2fdc948/go.mod h1:lhnVh1iRiivSV2rRI5Dp+nhxx2n5RSCms3tDzH71Dso=
github.com/caravan/streaming v0.0.0-20210424124910-448ab0478534 h1:xgfjii0MH/CbkD4JXa79JbD/kyTwuAEXeoD9KnOVbPE=
github.com/caravan/streaming v0.0.0-20210424124910-448ab0478534/go.mod h1:TwDaLT4RdwaF1OI6GpBrCE6VilSkMx3uTB5LxTVk03Y=
github.com/davecgh/go-spew v1.1.0/go.mod h1:J7Y8YcW2NihsgmVo/mv3lAwl/skON4iLHjSsI+c5H38=
github.com/davecgh/go-spew v1.1.1 h1:vj9j/u1bqnvCEfJOwUhtlOARqs3+rkHYY13jYWTU97c=
github.com/davecgh/go-spew v1.1.1/go.mod h1:J7Y8YcW2NihsgmVo/mv3lAwl/skON4iLHjSsI+c5H38=
github.com/google/uuid v1.2.0 h1:qJYtXnJRWmpe7m/3XlyhrsLrEURqHRM2kxzoxXqyUDs=
github.com/google/uuid v1.2.0/go.mod h1:TIyPZe4MgqvfeYDBFedMoGGpEw/LqOeaOT+nhxU+yHo=
github.com/pmezard/go-difflib v1.0.0 h1:4DBwDE0NGyQoBHbLQYPwSUPoCMWR5BEzIk/f1lZbAQM=
github.com/pmezard/go-difflib v1.0.0/go.mod h1:iKH77koFhYxTK1pcRnkKkqfTogsbg7gZNVY4sRDYZ/4=
github.com/stretchr/objx v0.1.0/go.mod h1:HFkY916IF+rwdDfMAkV7OtwuqBVzrE8GR6GFx+wExME=
github.com/stretchr/objx v0.4.0/go.mod h1:YvHI0jy2hoMjB+UWwv71VJQ9isScKT/TqJzVSSt89Yw=
github.com/stretchr/testify v1.7.0/go.mod h1:6Fq8oRcR53rry900zMqJjRRixrwX3KX962/h/Wwjteg=
github.com/stretchr/testify v1.7.1/go.mod h1:6Fq8oRcR53rry900zMqJjRRixrwX3KX962/h/Wwjteg=
github.com/stretchr/testify v1.7.4 h1:wZRexSlwd7ZXfKINDLsO4r7WBt3gTKONc6K/VesHvHM=
github.com/stretchr/testify v1.7.4/go.mod h1:yNjHg4UonilssWZ8iaSj1OCr/vHnekPRkoO+kdMU+MU=
gopkg.in/check.v1 v0.0.0-20161208181325-20d25e280405 h1:yhCVgyC4o1eVCa2tZl7eS0r+SDo693bJlVdllGtEeKM=
gopkg.in/check.v1 v0.0.0-20161208181325-20d25e280405/go.mod h1:Co6ibVJAznAaIkqp8huTwlJQCZ016jof/cbN4VW5Yz0=
gopkg.in/yaml.v3 v3.0.0-20200313102051-9f266ea9e77c/go.mod h1:K4uyk7z7BCEPqu6E+C64Yfv1cQ7kz7rIZviUmN+EgEM=
gopkg.in/yaml.v3 v3.0.1 h1:fxVm/GzAzEWqLHuvctI91KS9hhNmmWOoWu0XTYJS7CA=
gopkg.in/yaml.v3 v3.0.1/go.mod h1:K4uyk7z7BCEPqu6E+C64Yfv1cQ7kz7rIZviUmN+EgEM=
